
Microsoft Visual Studio Solution File, Format Version 12.00
Project("{FAE04EC0-301F-11D3-BF4B-00C04F79EFBC}") = "WindowsOnDeck", "src\WindowsOnDeck\WindowsOnDeck.csproj", "{F44C52CA-E76A-4BAA-8182-D9D3FFC22DA8}"
EndProject
Global
	GlobalSection(SolutionConfigurationPlatforms) = preSolution
		Debug|Any CPU = Debug|Any CPU
		Release|Any CPU = Release|Any CPU
	EndGlobalSection
	GlobalSection(ProjectConfigurationPlatforms) = postSolution
		{F44C52CA-E76A-4BAA-8182-D9D3FFC22DA8}.Debug|Any CPU.ActiveCfg = Debug|Any CPU
		{F44C52CA-E76A-4BAA-8182-D9D3FFC22DA8}.Debug|Any CPU.Build.0 = Debug|Any CPU
		{F44C52CA-E76A-4BAA-8182-D9D3FFC22DA8}.Release|Any CPU.ActiveCfg = Release|Any CPU
		{F44C52CA-E76A-4BAA-8182-D9D3FFC22DA8}.Release|Any CPU.Build.0 = Release|Any CPU
	EndGlobalSection
EndGlobal
